// !$*UTF8*$!
{
	archiveVersion = 1;
	classes = {
	};
	objectVersion = 55;
	objects = {

/* Begin PBXBuildFile section */
		7F41812D28A4162B0024B10A /* CoreDataNotification.swift in Sources */ = {isa = PBXBuildFile; fileRef = 7F41812C28A4162B0024B10A /* CoreDataNotification.swift */; };
		7F41812F28A43EC60024B10A /* DetailScreenViewModel.swift in Sources */ = {isa = PBXBuildFile; fileRef = 7F41812E28A43EC60024B10A /* DetailScreenViewModel.swift */; };
		7F41813128A57CC80024B10A /* FetchInfoModel.swift in Sources */ = {isa = PBXBuildFile; fileRef = 7F41813028A57CC80024B10A /* FetchInfoModel.swift */; };
		7F6B2D47289FBDF4003340E3 /* NetworkError.swift in Sources */ = {isa = PBXBuildFile; fileRef = 7F6B2D46289FBDF4003340E3 /* NetworkError.swift */; };
		7F6B2D49289FC37E003340E3 /* FeaturedScreenViewModel.swift in Sources */ = {isa = PBXBuildFile; fileRef = 7F6B2D48289FC37E003340E3 /* FeaturedScreenViewModel.swift */; };
		7F6B2D4B289FC3A6003340E3 /* MovieModel.swift in Sources */ = {isa = PBXBuildFile; fileRef = 7F6B2D4A289FC3A6003340E3 /* MovieModel.swift */; };
		7F6B2D4D289FC4E8003340E3 /* ListMovieModel.swift in Sources */ = {isa = PBXBuildFile; fileRef = 7F6B2D4C289FC4E8003340E3 /* ListMovieModel.swift */; };
		7F6B2D50289FCAC8003340E3 /* NetworkEndpoints.swift in Sources */ = {isa = PBXBuildFile; fileRef = 7F6B2D4F289FCAC8003340E3 /* NetworkEndpoints.swift */; };
		7F6B2D52289FCD92003340E3 /* FeatureViewController.swift in Sources */ = {isa = PBXBuildFile; fileRef = 7F6B2D51289FCD92003340E3 /* FeatureViewController.swift */; };
		7F6B2D5C28A0067A003340E3 /* FavoriteViewController.swift in Sources */ = {isa = PBXBuildFile; fileRef = 7F6B2D5B28A0067A003340E3 /* FavoriteViewController.swift */; };
		7F6B2D5F28A00F72003340E3 /* Kingfisher in Frameworks */ = {isa = PBXBuildFile; productRef = 7F6B2D5E28A00F72003340E3 /* Kingfisher */; };
		7F6B2D6228A012EB003340E3 /* MovieItemCell.swift in Sources */ = {isa = PBXBuildFile; fileRef = 7F6B2D6128A012EB003340E3 /* MovieItemCell.swift */; };
		7F6B2D6628A01AD0003340E3 /* Collection+.swift in Sources */ = {isa = PBXBuildFile; fileRef = 7F6B2D6528A01AD0003340E3 /* Collection+.swift */; };
		7F6B2D6928A03D2C003340E3 /* CoreDataError.swift in Sources */ = {isa = PBXBuildFile; fileRef = 7F6B2D6828A03D2C003340E3 /* CoreDataError.swift */; };
		7F6B2D6F28A0C65C003340E3 /* FavoriteViewModel.swift in Sources */ = {isa = PBXBuildFile; fileRef = 7F6B2D6E28A0C65C003340E3 /* FavoriteViewModel.swift */; };
		7F6B2D7128A0C869003340E3 /* DetailScreenViewController.swift in Sources */ = {isa = PBXBuildFile; fileRef = 7F6B2D7028A0C869003340E3 /* DetailScreenViewController.swift */; };
		7F73655B289A5DE0007AA513 /* AppDelegate.swift in Sources */ = {isa = PBXBuildFile; fileRef = 7F73655A289A5DE0007AA513 /* AppDelegate.swift */; };
		7F73655F289A5DE0007AA513 /* BaseViewController.swift in Sources */ = {isa = PBXBuildFile; fileRef = 7F73655E289A5DE0007AA513 /* BaseViewController.swift */; };
		7F736562289A5DE0007AA513 /* Main.storyboard in Resources */ = {isa = PBXBuildFile; fileRef = 7F736560289A5DE0007AA513 /* Main.storyboard */; };
		7F736565289A5DE0007AA513 /* MyMovie.xcdatamodeld in Sources */ = {isa = PBXBuildFile; fileRef = 7F736563289A5DE0007AA513 /* MyMovie.xcdatamodeld */; };
		7F736567289A5DE1007AA513 /* Assets.xcassets in Resources */ = {isa = PBXBuildFile; fileRef = 7F736566289A5DE1007AA513 /* Assets.xcassets */; };
		7F73656A289A5DE1007AA513 /* LaunchScreen.storyboard in Resources */ = {isa = PBXBuildFile; fileRef = 7F736568289A5DE1007AA513 /* LaunchScreen.storyboard */; };
		7F736576289A5F75007AA513 /* NetworkRequest.swift in Sources */ = {isa = PBXBuildFile; fileRef = 7F736575289A5F75007AA513 /* NetworkRequest.swift */; };
		7F736579289A5FA7007AA513 /* Alamofire in Frameworks */ = {isa = PBXBuildFile; productRef = 7F736578289A5FA7007AA513 /* Alamofire */; };
		7F73657B289A5FE4007AA513 /* NetworkResponse.swift in Sources */ = {isa = PBXBuildFile; fileRef = 7F73657A289A5FE4007AA513 /* NetworkResponse.swift */; };
		7F73657D289A6002007AA513 /* NetworkEndpoint.swift in Sources */ = {isa = PBXBuildFile; fileRef = 7F73657C289A6002007AA513 /* NetworkEndpoint.swift */; };
		7F736588289A6E7C007AA513 /* ConfigKey.swift in Sources */ = {isa = PBXBuildFile; fileRef = 7F736587289A6E7C007AA513 /* ConfigKey.swift */; };
		7F8E5B6128A1751600C7AA1E /* MovieItemCell.xib in Resources */ = {isa = PBXBuildFile; fileRef = 7F8E5B5F28A1751600C7AA1E /* MovieItemCell.xib */; };
/* End PBXBuildFile section */

/* Begin PBXFileReference section */
		7F41812C28A4162B0024B10A /* CoreDataNotification.swift */ = {isa = PBXFileReference; lastKnownFileType = sourcecode.swift; path = CoreDataNotification.swift; sourceTree = "<group>"; };
		7F41812E28A43EC60024B10A /* DetailScreenViewModel.swift */ = {isa = PBXFileReference; lastKnownFileType = sourcecode.swift; path = DetailScreenViewModel.swift; sourceTree = "<group>"; };
		7F41813028A57CC80024B10A /* FetchInfoModel.swift */ = {isa = PBXFileReference; lastKnownFileType = sourcecode.swift; path = FetchInfoModel.swift; sourceTree = "<group>"; };
		7F6B2D46289FBDF4003340E3 /* NetworkError.swift */ = {isa = PBXFileReference; lastKnownFileType = sourcecode.swift; path = NetworkError.swift; sourceTree = "<group>"; };
		7F6B2D48289FC37E003340E3 /* FeaturedScreenViewModel.swift */ = {isa = PBXFileReference; lastKnownFileType = sourcecode.swift; path = FeaturedScreenViewModel.swift; sourceTree = "<group>"; };
		7F6B2D4A289FC3A6003340E3 /* MovieModel.swift */ = {isa = PBXFileReference; lastKnownFileType = sourcecode.swift; path = MovieModel.swift; sourceTree = "<group>"; };
		7F6B2D4C289FC4E8003340E3 /* ListMovieModel.swift */ = {isa = PBXFileReference; lastKnownFileType = sourcecode.swift; path = ListMovieModel.swift; sourceTree = "<group>"; };
		7F6B2D4F289FCAC8003340E3 /* NetworkEndpoints.swift */ = {isa = PBXFileReference; lastKnownFileType = sourcecode.swift; path = NetworkEndpoints.swift; sourceTree = "<group>"; };
		7F6B2D51289FCD92003340E3 /* FeatureViewController.swift */ = {isa = PBXFileReference; lastKnownFileType = sourcecode.swift; path = FeatureViewController.swift; sourceTree = "<group>"; };
		7F6B2D5B28A0067A003340E3 /* FavoriteViewController.swift */ = {isa = PBXFileReference; lastKnownFileType = sourcecode.swift; path = FavoriteViewController.swift; sourceTree = "<group>"; };
		7F6B2D6128A012EB003340E3 /* MovieItemCell.swift */ = {isa = PBXFileReference; lastKnownFileType = sourcecode.swift; path = MovieItemCell.swift; sourceTree = "<group>"; };
		7F6B2D6528A01AD0003340E3 /* Collection+.swift */ = {isa = PBXFileReference; lastKnownFileType = sourcecode.swift; path = "Collection+.swift"; sourceTree = "<group>"; };
		7F6B2D6828A03D2C003340E3 /* CoreDataError.swift */ = {isa = PBXFileReference; lastKnownFileType = sourcecode.swift; path = CoreDataError.swift; sourceTree = "<group>"; };
		7F6B2D6E28A0C65C003340E3 /* FavoriteViewModel.swift */ = {isa = PBXFileReference; lastKnownFileType = sourcecode.swift; path = FavoriteViewModel.swift; sourceTree = "<group>"; };
		7F6B2D7028A0C869003340E3 /* DetailScreenViewController.swift */ = {isa = PBXFileReference; lastKnownFileType = sourcecode.swift; path = DetailScreenViewController.swift; sourceTree = "<group>"; };
		7F736557289A5DE0007AA513 /* MyMovie.app */ = {isa = PBXFileReference; explicitFileType = wrapper.application; includeInIndex = 0; path = MyMovie.app; sourceTree = BUILT_PRODUCTS_DIR; };
		7F73655A289A5DE0007AA513 /* AppDelegate.swift */ = {isa = PBXFileReference; lastKnownFileType = sourcecode.swift; path = AppDelegate.swift; sourceTree = "<group>"; };
		7F73655E289A5DE0007AA513 /* BaseViewController.swift */ = {isa = PBXFileReference; lastKnownFileType = sourcecode.swift; path = BaseViewController.swift; sourceTree = "<group>"; };
		7F736561289A5DE0007AA513 /* Base */ = {isa = PBXFileReference; lastKnownFileType = file.storyboard; name = Base; path = Base.lproj/Main.storyboard; sourceTree = "<group>"; };
		7F736564289A5DE0007AA513 /* MyMovie.xcdatamodel */ = {isa = PBXFileReference; lastKnownFileType = wrapper.xcdatamodel; path = MyMovie.xcdatamodel; sourceTree = "<group>"; };
		7F736566289A5DE1007AA513 /* Assets.xcassets */ = {isa = PBXFileReference; lastKnownFileType = folder.assetcatalog; path = Assets.xcassets; sourceTree = "<group>"; };
		7F736569289A5DE1007AA513 /* Base */ = {isa = PBXFileReference; lastKnownFileType = file.storyboard; name = Base; path = Base.lproj/LaunchScreen.storyboard; sourceTree = "<group>"; };
		7F73656B289A5DE1007AA513 /* Info.plist */ = {isa = PBXFileReference; lastKnownFileType = text.plist.xml; path = Info.plist; sourceTree = "<group>"; };
		7F736575289A5F75007AA513 /* NetworkRequest.swift */ = {isa = PBXFileReference; lastKnownFileType = sourcecode.swift; path = NetworkRequest.swift; sourceTree = "<group>"; };
		7F73657A289A5FE4007AA513 /* NetworkResponse.swift */ = {isa = PBXFileReference; lastKnownFileType = sourcecode.swift; path = NetworkResponse.swift; sourceTree = "<group>"; };
		7F73657C289A6002007AA513 /* NetworkEndpoint.swift */ = {isa = PBXFileReference; lastKnownFileType = sourcecode.swift; path = NetworkEndpoint.swift; sourceTree = "<group>"; };
		7F73657F289A6403007AA513 /* Staging.xcconfig */ = {isa = PBXFileReference; lastKnownFileType = text.xcconfig; path = Staging.xcconfig; sourceTree = "<group>"; };
		7F736580289A6410007AA513 /* Production.xcconfig */ = {isa = PBXFileReference; lastKnownFileType = text.xcconfig; path = Production.xcconfig; sourceTree = "<group>"; };
		7F736587289A6E7C007AA513 /* ConfigKey.swift */ = {isa = PBXFileReference; lastKnownFileType = sourcecode.swift; path = ConfigKey.swift; sourceTree = "<group>"; };
		7F8E5B5F28A1751600C7AA1E /* MovieItemCell.xib */ = {isa = PBXFileReference; lastKnownFileType = file.xib; path = MovieItemCell.xib; sourceTree = "<group>"; };
/* End PBXFileReference section */

/* Begin PBXFrameworksBuildPhase section */
		7F736554289A5DE0007AA513 /* Frameworks */ = {
			isa = PBXFrameworksBuildPhase;
			buildActionMask = 2147483647;
			files = (
				7F6B2D5F28A00F72003340E3 /* Kingfisher in Frameworks */,
				7F736579289A5FA7007AA513 /* Alamofire in Frameworks */,
			);
			runOnlyForDeploymentPostprocessing = 0;
		};
/* End PBXFrameworksBuildPhase section */

/* Begin PBXGroup section */
		7F6B2D5728A0063E003340E3 /* FavoriteScreen */ = {
			isa = PBXGroup;
			children = (
				7F6B2D5A28A00663003340E3 /* Model */,
				7F6B2D5928A0065F003340E3 /* View */,
				7F6B2D5828A0065B003340E3 /* ViewModel */,
			);
			path = FavoriteScreen;
			sourceTree = "<group>";
		};
		7F6B2D5828A0065B003340E3 /* ViewModel */ = {
			isa = PBXGroup;
			children = (
				7F6B2D6E28A0C65C003340E3 /* FavoriteViewModel.swift */,
			);
			path = ViewModel;
			sourceTree = "<group>";
		};
		7F6B2D5928A0065F003340E3 /* View */ = {
			isa = PBXGroup;
			children = (
				7F6B2D5B28A0067A003340E3 /* FavoriteViewController.swift */,
			);
			path = View;
			sourceTree = "<group>";
		};
		7F6B2D5A28A00663003340E3 /* Model */ = {
			isa = PBXGroup;
			children = (
			);
			path = Model;
			sourceTree = "<group>";
		};
		7F6B2D6028A012D8003340E3 /* Cells */ = {
			isa = PBXGroup;
			children = (
				7F6B2D6128A012EB003340E3 /* MovieItemCell.swift */,
			);
			path = Cells;
			sourceTree = "<group>";
		};
		7F6B2D6428A01AC0003340E3 /* Extension */ = {
			isa = PBXGroup;
			children = (
				7F6B2D6528A01AD0003340E3 /* Collection+.swift */,
			);
			path = Extension;
			sourceTree = "<group>";
		};
		7F6B2D6728A03D20003340E3 /* CoreData */ = {
			isa = PBXGroup;
			children = (
				7F6B2D6828A03D2C003340E3 /* CoreDataError.swift */,
				7F41812C28A4162B0024B10A /* CoreDataNotification.swift */,
			);
			path = CoreData;
			sourceTree = "<group>";
		};
		7F6B2D6A28A0BF22003340E3 /* DetailScreen */ = {
			isa = PBXGroup;
			children = (
				7F6B2D6D28A0BF39003340E3 /* Model */,
				7F6B2D6C28A0BF36003340E3 /* View */,
				7F6B2D6B28A0BF30003340E3 /* ViewModel */,
			);
			path = DetailScreen;
			sourceTree = "<group>";
		};
		7F6B2D6B28A0BF30003340E3 /* ViewModel */ = {
			isa = PBXGroup;
			children = (
				7F41812E28A43EC60024B10A /* DetailScreenViewModel.swift */,
			);
			path = ViewModel;
			sourceTree = "<group>";
		};
		7F6B2D6C28A0BF36003340E3 /* View */ = {
			isa = PBXGroup;
			children = (
				7F6B2D7028A0C869003340E3 /* DetailScreenViewController.swift */,
			);
			path = View;
			sourceTree = "<group>";
		};
		7F6B2D6D28A0BF39003340E3 /* Model */ = {
			isa = PBXGroup;
			children = (
			);
			path = Model;
			sourceTree = "<group>";
		};
		7F73654E289A5DE0007AA513 = {
			isa = PBXGroup;
			children = (
				7F736559289A5DE0007AA513 /* MyMovie */,
				7F736558289A5DE0007AA513 /* Products */,
			);
			sourceTree = "<group>";
		};
		7F736558289A5DE0007AA513 /* Products */ = {
			isa = PBXGroup;
			children = (
				7F736557289A5DE0007AA513 /* MyMovie.app */,
			);
			name = Products;
			sourceTree = "<group>";
		};
		7F736559289A5DE0007AA513 /* MyMovie */ = {
			isa = PBXGroup;
			children = (
				7F73657E289A60E1007AA513 /* Config */,
				7F736571289A5F2C007AA513 /* ApplicationModules */,
				7F736573289A5F60007AA513 /* Infrastructure */,
				7F736584289A6A33007AA513 /* Resource */,
				7F736568289A5DE1007AA513 /* LaunchScreen.storyboard */,
			);
			path = MyMovie;
			sourceTree = "<group>";
		};
		7F736571289A5F2C007AA513 /* ApplicationModules */ = {
			isa = PBXGroup;
			children = (
				7F736572289A5F39007AA513 /* Base */,
				7F736591289AD914007AA513 /* FeaturedScreen */,
				7F6B2D5728A0063E003340E3 /* FavoriteScreen */,
				7F6B2D6A28A0BF22003340E3 /* DetailScreen */,
			);
			path = ApplicationModules;
			sourceTree = "<group>";
		};
		7F736572289A5F39007AA513 /* Base */ = {
			isa = PBXGroup;
			children = (
				7F736581289A6A03007AA513 /* AppDelegate */,
				7F736583289A6A1B007AA513 /* IB */,
				7F736582289A6A0F007AA513 /* ViewController */,
			);
			path = Base;
			sourceTree = "<group>";
		};
		7F736573289A5F60007AA513 /* Infrastructure */ = {
			isa = PBXGroup;
			children = (
				7F6B2D6728A03D20003340E3 /* CoreData */,
				7F6B2D6428A01AC0003340E3 /* Extension */,
				7F736574289A5F66007AA513 /* Network */,
			);
			path = Infrastructure;
			sourceTree = "<group>";
		};
		7F736574289A5F66007AA513 /* Network */ = {
			isa = PBXGroup;
			children = (
				7F736575289A5F75007AA513 /* NetworkRequest.swift */,
				7F73657A289A5FE4007AA513 /* NetworkResponse.swift */,
				7F73657C289A6002007AA513 /* NetworkEndpoint.swift */,
				7F6B2D4F289FCAC8003340E3 /* NetworkEndpoints.swift */,
				7F6B2D46289FBDF4003340E3 /* NetworkError.swift */,
			);
			path = Network;
			sourceTree = "<group>";
		};
		7F73657E289A60E1007AA513 /* Config */ = {
			isa = PBXGroup;
			children = (
				7F73656B289A5DE1007AA513 /* Info.plist */,
				7F73657F289A6403007AA513 /* Staging.xcconfig */,
				7F736580289A6410007AA513 /* Production.xcconfig */,
				7F736587289A6E7C007AA513 /* ConfigKey.swift */,
			);
			path = Config;
			sourceTree = "<group>";
		};
		7F736581289A6A03007AA513 /* AppDelegate */ = {
			isa = PBXGroup;
			children = (
				7F73655A289A5DE0007AA513 /* AppDelegate.swift */,
			);
			path = AppDelegate;
			sourceTree = "<group>";
		};
		7F736582289A6A0F007AA513 /* ViewController */ = {
			isa = PBXGroup;
			children = (
				7F73655E289A5DE0007AA513 /* BaseViewController.swift */,
			);
			path = ViewController;
			sourceTree = "<group>";
		};
		7F736583289A6A1B007AA513 /* IB */ = {
			isa = PBXGroup;
			children = (
				7F736560289A5DE0007AA513 /* Main.storyboard */,
				7F8E5B5F28A1751600C7AA1E /* MovieItemCell.xib */,
			);
			path = IB;
			sourceTree = "<group>";
		};
		7F736584289A6A33007AA513 /* Resource */ = {
			isa = PBXGroup;
			children = (
				7F736586289A6A4A007AA513 /* CoreData */,
				7F736585289A6A3F007AA513 /* Assets */,
			);
			path = Resource;
			sourceTree = "<group>";
		};
		7F736585289A6A3F007AA513 /* Assets */ = {
			isa = PBXGroup;
			children = (
				7F736566289A5DE1007AA513 /* Assets.xcassets */,
			);
			path = Assets;
			sourceTree = "<group>";
		};
		7F736586289A6A4A007AA513 /* CoreData */ = {
			isa = PBXGroup;
			children = (
				7F736563289A5DE0007AA513 /* MyMovie.xcdatamodeld */,
			);
			path = CoreData;
			sourceTree = "<group>";
		};
		7F736591289AD914007AA513 /* FeaturedScreen */ = {
			isa = PBXGroup;
			children = (
				7F736594289AD950007AA513 /* Model */,
				7F736593289AD94D007AA513 /* View */,
				7F736592289AD93F007AA513 /* ViewModel */,
			);
			path = FeaturedScreen;
			sourceTree = "<group>";
		};
		7F736592289AD93F007AA513 /* ViewModel */ = {
			isa = PBXGroup;
			children = (
				7F6B2D48289FC37E003340E3 /* FeaturedScreenViewModel.swift */,
			);
			path = ViewModel;
			sourceTree = "<group>";
		};
		7F736593289AD94D007AA513 /* View */ = {
			isa = PBXGroup;
			children = (
				7F6B2D6028A012D8003340E3 /* Cells */,
				7F6B2D51289FCD92003340E3 /* FeatureViewController.swift */,
			);
			path = View;
			sourceTree = "<group>";
		};
		7F736594289AD950007AA513 /* Model */ = {
			isa = PBXGroup;
			children = (
				7F6B2D4C289FC4E8003340E3 /* ListMovieModel.swift */,
				7F6B2D4A289FC3A6003340E3 /* MovieModel.swift */,
				7F41813028A57CC80024B10A /* FetchInfoModel.swift */,
			);
			path = Model;
			sourceTree = "<group>";
		};
/* End PBXGroup section */

/* Begin PBXNativeTarget section */
		7F736556289A5DE0007AA513 /* MyMovie */ = {
			isa = PBXNativeTarget;
			buildConfigurationList = 7F73656E289A5DE1007AA513 /* Build configuration list for PBXNativeTarget "MyMovie" */;
			buildPhases = (
				7F736553289A5DE0007AA513 /* Sources */,
				7F736554289A5DE0007AA513 /* Frameworks */,
				7F736555289A5DE0007AA513 /* Resources */,
			);
			buildRules = (
			);
			dependencies = (
			);
			name = MyMovie;
			packageProductDependencies = (
				7F736578289A5FA7007AA513 /* Alamofire */,
				7F6B2D5E28A00F72003340E3 /* Kingfisher */,
			);
			productName = MyMovie;
			productReference = 7F736557289A5DE0007AA513 /* MyMovie.app */;
			productType = "com.apple.product-type.application";
		};
/* End PBXNativeTarget section */

/* Begin PBXProject section */
		7F73654F289A5DE0007AA513 /* Project object */ = {
			isa = PBXProject;
			attributes = {
				BuildIndependentTargetsInParallel = 1;
				LastSwiftUpdateCheck = 1340;
				LastUpgradeCheck = 1340;
				TargetAttributes = {
					7F736556289A5DE0007AA513 = {
						CreatedOnToolsVersion = 13.4;
					};
				};
			};
			buildConfigurationList = 7F736552289A5DE0007AA513 /* Build configuration list for PBXProject "MyMovie" */;
			compatibilityVersion = "Xcode 13.0";
			developmentRegion = en;
			hasScannedForEncodings = 0;
			knownRegions = (
				en,
				Base,
			);
			mainGroup = 7F73654E289A5DE0007AA513;
			packageReferences = (
				7F736577289A5FA7007AA513 /* XCRemoteSwiftPackageReference "Alamofire" */,
				7F6B2D5D28A00F72003340E3 /* XCRemoteSwiftPackageReference "Kingfisher" */,
			);
			productRefGroup = 7F736558289A5DE0007AA513 /* Products */;
			projectDirPath = "";
			projectRoot = "";
			targets = (
				7F736556289A5DE0007AA513 /* MyMovie */,
			);
		};
/* End PBXProject section */

/* Begin PBXResourcesBuildPhase section */
		7F736555289A5DE0007AA513 /* Resources */ = {
			isa = PBXResourcesBuildPhase;
			buildActionMask = 2147483647;
			files = (
				7F73656A289A5DE1007AA513 /* LaunchScreen.storyboard in Resources */,
				7F8E5B6128A1751600C7AA1E /* MovieItemCell.xib in Resources */,
				7F736567289A5DE1007AA513 /* Assets.xcassets in Resources */,
				7F736562289A5DE0007AA513 /* Main.storyboard in Resources */,
			);
			runOnlyForDeploymentPostprocessing = 0;
		};
/* End PBXResourcesBuildPhase section */

/* Begin PBXSourcesBuildPhase section */
		7F736553289A5DE0007AA513 /* Sources */ = {
			isa = PBXSourcesBuildPhase;
			buildActionMask = 2147483647;
			files = (
				7F6B2D6F28A0C65C003340E3 /* FavoriteViewModel.swift in Sources */,
				7F6B2D49289FC37E003340E3 /* FeaturedScreenViewModel.swift in Sources */,
				7F73655F289A5DE0007AA513 /* BaseViewController.swift in Sources */,
				7F6B2D47289FBDF4003340E3 /* NetworkError.swift in Sources */,
				7F6B2D6628A01AD0003340E3 /* Collection+.swift in Sources */,
				7F73657B289A5FE4007AA513 /* NetworkResponse.swift in Sources */,
				7F6B2D4B289FC3A6003340E3 /* MovieModel.swift in Sources */,
				7F73655B289A5DE0007AA513 /* AppDelegate.swift in Sources */,
				7F6B2D6228A012EB003340E3 /* MovieItemCell.swift in Sources */,
				7F736576289A5F75007AA513 /* NetworkRequest.swift in Sources */,
				7F6B2D50289FCAC8003340E3 /* NetworkEndpoints.swift in Sources */,
				7F6B2D4D289FC4E8003340E3 /* ListMovieModel.swift in Sources */,
				7F736588289A6E7C007AA513 /* ConfigKey.swift in Sources */,
				7F6B2D6928A03D2C003340E3 /* CoreDataError.swift in Sources */,
				7F41812F28A43EC60024B10A /* DetailScreenViewModel.swift in Sources */,
				7F6B2D7128A0C869003340E3 /* DetailScreenViewController.swift in Sources */,
				7F41812D28A4162B0024B10A /* CoreDataNotification.swift in Sources */,
				7F6B2D5C28A0067A003340E3 /* FavoriteViewController.swift in Sources */,
				7F41813128A57CC80024B10A /* FetchInfoModel.swift in Sources */,
				7F736565289A5DE0007AA513 /* MyMovie.xcdatamodeld in Sources */,
				7F73657D289A6002007AA513 /* NetworkEndpoint.swift in Sources */,
				7F6B2D52289FCD92003340E3 /* FeatureViewController.swift in Sources */,
			);
			runOnlyForDeploymentPostprocessing = 0;
		};
/* End PBXSourcesBuildPhase section */

/* Begin PBXVariantGroup section */
		7F736560289A5DE0007AA513 /* Main.storyboard */ = {
			isa = PBXVariantGroup;
			children = (
				7F736561289A5DE0007AA513 /* Base */,
			);
			name = Main.storyboard;
			sourceTree = "<group>";
		};
		7F736568289A5DE1007AA513 /* LaunchScreen.storyboard */ = {
			isa = PBXVariantGroup;
			children = (
				7F736569289A5DE1007AA513 /* Base */,
			);
			name = LaunchScreen.storyboard;
			sourceTree = "<group>";
		};
/* End PBXVariantGroup section */

/* Begin XCBuildConfiguration section */
		7F73656C289A5DE1007AA513 /* Staging */ = {
			isa = XCBuildConfiguration;
			baseConfigurationReference = 7F73657F289A6403007AA513 /* Staging.xcconfig */;
			buildSettings = {
				ALWAYS_SEARCH_USER_PATHS = NO;
				CLANG_ANALYZER_NONNULL = YES;
				CLANG_ANALYZER_NUMBER_OBJECT_CONVERSION = YES_AGGRESSIVE;
				CLANG_CXX_LANGUAGE_STANDARD = "gnu++17";
				CLANG_ENABLE_MODULES = YES;
				CLANG_ENABLE_OBJC_ARC = YES;
				CLANG_ENABLE_OBJC_WEAK = YES;
				CLANG_WARN_BLOCK_CAPTURE_AUTORELEASING = YES;
				CLANG_WARN_BOOL_CONVERSION = YES;
				CLANG_WARN_COMMA = YES;
				CLANG_WARN_CONSTANT_CONVERSION = YES;
				CLANG_WARN_DEPRECATED_OBJC_IMPLEMENTATIONS = YES;
				CLANG_WARN_DIRECT_OBJC_ISA_USAGE = YES_ERROR;
				CLANG_WARN_DOCUMENTATION_COMMENTS = YES;
				CLANG_WARN_EMPTY_BODY = YES;
				CLANG_WARN_ENUM_CONVERSION = YES;
				CLANG_WARN_INFINITE_RECURSION = YES;
				CLANG_WARN_INT_CONVERSION = YES;
				CLANG_WARN_NON_LITERAL_NULL_CONVERSION = YES;
				CLANG_WARN_OBJC_IMPLICIT_RETAIN_SELF = YES;
				CLANG_WARN_OBJC_LITERAL_CONVERSION = YES;
				CLANG_WARN_OBJC_ROOT_CLASS = YES_ERROR;
				CLANG_WARN_QUOTED_INCLUDE_IN_FRAMEWORK_HEADER = YES;
				CLANG_WARN_RANGE_LOOP_ANALYSIS = YES;
				CLANG_WARN_STRICT_PROTOTYPES = YES;
				CLANG_WARN_SUSPICIOUS_MOVE = YES;
				CLANG_WARN_UNGUARDED_AVAILABILITY = YES_AGGRESSIVE;
				CLANG_WARN_UNREACHABLE_CODE = YES;
				CLANG_WARN__DUPLICATE_METHOD_MATCH = YES;
				COPY_PHASE_STRIP = NO;
				DEBUG_INFORMATION_FORMAT = dwarf;
				ENABLE_STRICT_OBJC_MSGSEND = YES;
				ENABLE_TESTABILITY = YES;
				GCC_C_LANGUAGE_STANDARD = gnu11;
				GCC_DYNAMIC_NO_PIC = NO;
				GCC_NO_COMMON_BLOCKS = YES;
				GCC_OPTIMIZATION_LEVEL = 0;
				GCC_PREPROCESSOR_DEFINITIONS = (
					"DEBUG=1",
					"$(inherited)",
				);
				GCC_WARN_64_TO_32_BIT_CONVERSION = YES;
				GCC_WARN_ABOUT_RETURN_TYPE = YES_ERROR;
				GCC_WARN_UNDECLARED_SELECTOR = YES;
				GCC_WARN_UNINITIALIZED_AUTOS = YES_AGGRESSIVE;
				GCC_WARN_UNUSED_FUNCTION = YES;
				GCC_WARN_UNUSED_VARIABLE = YES;
				IPHONEOS_DEPLOYMENT_TARGET = 15.5;
				MTL_ENABLE_DEBUG_INFO = INCLUDE_SOURCE;
				MTL_FAST_MATH = YES;
				ONLY_ACTIVE_ARCH = YES;
				SDKROOT = iphoneos;
				SWIFT_ACTIVE_COMPILATION_CONDITIONS = DEBUG;
				SWIFT_OPTIMIZATION_LEVEL = "-Onone";
			};
			name = Staging;
		};
		7F73656D289A5DE1007AA513 /* Production */ = {
			isa = XCBuildConfiguration;
			baseConfigurationReference = 7F736580289A6410007AA513 /* Production.xcconfig */;
			buildSettings = {
				ALWAYS_SEARCH_USER_PATHS = NO;
				CLANG_ANALYZER_NONNULL = YES;
				CLANG_ANALYZER_NUMBER_OBJECT_CONVERSION = YES_AGGRESSIVE;
				CLANG_CXX_LANGUAGE_STANDARD = "gnu++17";
				CLANG_ENABLE_MODULES = YES;
				CLANG_ENABLE_OBJC_ARC = YES;
				CLANG_ENABLE_OBJC_WEAK = YES;
				CLANG_WARN_BLOCK_CAPTURE_AUTORELEASING = YES;
				CLANG_WARN_BOOL_CONVERSION = YES;
				CLANG_WARN_COMMA = YES;
				CLANG_WARN_CONSTANT_CONVERSION = YES;
				CLANG_WARN_DEPRECATED_OBJC_IMPLEMENTATIONS = YES;
				CLANG_WARN_DIRECT_OBJC_ISA_USAGE = YES_ERROR;
				CLANG_WARN_DOCUMENTATION_COMMENTS = YES;
				CLANG_WARN_EMPTY_BODY = YES;
				CLANG_WARN_ENUM_CONVERSION = YES;
				CLANG_WARN_INFINITE_RECURSION = YES;
				CLANG_WARN_INT_CONVERSION = YES;
				CLANG_WARN_NON_LITERAL_NULL_CONVERSION = YES;
				CLANG_WARN_OBJC_IMPLICIT_RETAIN_SELF = YES;
				CLANG_WARN_OBJC_LITERAL_CONVERSION = YES;
				CLANG_WARN_OBJC_ROOT_CLASS = YES_ERROR;
				CLANG_WARN_QUOTED_INCLUDE_IN_FRAMEWORK_HEADER = YES;
				CLANG_WARN_RANGE_LOOP_ANALYSIS = YES;
				CLANG_WARN_STRICT_PROTOTYPES = YES;
				CLANG_WARN_SUSPICIOUS_MOVE = YES;
				CLANG_WARN_UNGUARDED_AVAILABILITY = YES_AGGRESSIVE;
				CLANG_WARN_UNREACHABLE_CODE = YES;
				CLANG_WARN__DUPLICATE_METHOD_MATCH = YES;
				COPY_PHASE_STRIP = NO;
				DEBUG_INFORMATION_FORMAT = "dwarf-with-dsym";
				ENABLE_NS_ASSERTIONS = NO;
				ENABLE_STRICT_OBJC_MSGSEND = YES;
				GCC_C_LANGUAGE_STANDARD = gnu11;
				GCC_NO_COMMON_BLOCKS = YES;
				GCC_WARN_64_TO_32_BIT_CONVERSION = YES;
				GCC_WARN_ABOUT_RETURN_TYPE = YES_ERROR;
				GCC_WARN_UNDECLARED_SELECTOR = YES;
				GCC_WARN_UNINITIALIZED_AUTOS = YES_AGGRESSIVE;
				GCC_WARN_UNUSED_FUNCTION = YES;
				GCC_WARN_UNUSED_VARIABLE = YES;
				IPHONEOS_DEPLOYMENT_TARGET = 15.5;
				MTL_ENABLE_DEBUG_INFO = NO;
				MTL_FAST_MATH = YES;
				SDKROOT = iphoneos;
				SWIFT_COMPILATION_MODE = wholemodule;
				SWIFT_OPTIMIZATION_LEVEL = "-O";
				VALIDATE_PRODUCT = YES;
			};
			name = Production;
		};
		7F73656F289A5DE1007AA513 /* Staging */ = {
			isa = XCBuildConfiguration;
			baseConfigurationReference = 7F73657F289A6403007AA513 /* Staging.xcconfig */;
			buildSettings = {
				ASSETCATALOG_COMPILER_APPICON_NAME = AppIcon;
				ASSETCATALOG_COMPILER_GLOBAL_ACCENT_COLOR_NAME = AccentColor;
				CODE_SIGN_STYLE = Automatic;
				CURRENT_PROJECT_VERSION = 1;
				DEVELOPMENT_TEAM = "";
				GENERATE_INFOPLIST_FILE = NO;
				INFOPLIST_FILE = MyMovie/Config/Info.plist;
				INFOPLIST_KEY_UIApplicationSupportsIndirectInputEvents = YES;
				INFOPLIST_KEY_UILaunchStoryboardName = LaunchScreen;
				INFOPLIST_KEY_UIMainStoryboardFile = Main;
				INFOPLIST_KEY_UISupportedInterfaceOrientations_iPad = "UIInterfaceOrientationPortrait UIInterfaceOrientationPortraitUpsideDown UIInterfaceOrientationLandscapeLeft UIInterfaceOrientationLandscapeRight";
				INFOPLIST_KEY_UISupportedInterfaceOrientations_iPhone = "UIInterfaceOrientationPortrait UIInterfaceOrientationLandscapeLeft UIInterfaceOrientationLandscapeRight";
				IPHONEOS_DEPLOYMENT_TARGET = 12.0;
				LD_RUNPATH_SEARCH_PATHS = (
					"$(inherited)",
					"@executable_path/Frameworks",
				);
				MARKETING_VERSION = 1.0;
				PRODUCT_BUNDLE_IDENTIFIER = nhgia.MyMovie;
				PRODUCT_NAME = "$(TARGET_NAME)";
				SWIFT_EMIT_LOC_STRINGS = YES;
				SWIFT_VERSION = 5.0;
				TARGETED_DEVICE_FAMILY = 1;
			};
			name = Staging;
		};
		7F736570289A5DE1007AA513 /* Production */ = {
			isa = XCBuildConfiguration;
			baseConfigurationReference = 7F736580289A6410007AA513 /* Production.xcconfig */;
			buildSettings = {
				ASSETCATALOG_COMPILER_APPICON_NAME = AppIcon;
				ASSETCATALOG_COMPILER_GLOBAL_ACCENT_COLOR_NAME = AccentColor;
				CODE_SIGN_STYLE = Automatic;
				CURRENT_PROJECT_VERSION = 1;
				DEVELOPMENT_TEAM = "";
				GENERATE_INFOPLIST_FILE = NO;
				INFOPLIST_FILE = MyMovie/Config/Info.plist;
				INFOPLIST_KEY_UIApplicationSupportsIndirectInputEvents = YES;
				INFOPLIST_KEY_UILaunchStoryboardName = LaunchScreen;
				INFOPLIST_KEY_UIMainStoryboardFile = Main;
				INFOPLIST_KEY_UISupportedInterfaceOrientations_iPad = "UIInterfaceOrientationPortrait UIInterfaceOrientationPortraitUpsideDown UIInterfaceOrientationLandscapeLeft UIInterfaceOrientationLandscapeRight";
				INFOPLIST_KEY_UISupportedInterfaceOrientations_iPhone = "UIInterfaceOrientationPortrait UIInterfaceOrientationLandscapeLeft UIInterfaceOrientationLandscapeRight";
				IPHONEOS_DEPLOYMENT_TARGET = 12.0;
				LD_RUNPATH_SEARCH_PATHS = (
					"$(inherited)",
					"@executable_path/Frameworks",
				);
				MARKETING_VERSION = 1.0;
				PRODUCT_BUNDLE_IDENTIFIER = nhgia.MyMovie;
				PRODUCT_NAME = "$(TARGET_NAME)";
				SWIFT_EMIT_LOC_STRINGS = YES;
				SWIFT_VERSION = 5.0;
				TARGETED_DEVICE_FAMILY = 1;
			};
			name = Production;
		};
/* End XCBuildConfiguration section */

/* Begin XCConfigurationList section */
		7F736552289A5DE0007AA513 /* Build configuration list for PBXProject "MyMovie" */ = {
			isa = XCConfigurationList;
			buildConfigurations = (
				7F73656C289A5DE1007AA513 /* Staging */,
				7F73656D289A5DE1007AA513 /* Production */,
			);
			defaultConfigurationIsVisible = 0;
			defaultConfigurationName = Production;
		};
		7F73656E289A5DE1007AA513 /* Build configuration list for PBXNativeTarget "MyMovie" */ = {
			isa = XCConfigurationList;
			buildConfigurations = (
				7F73656F289A5DE1007AA513 /* Staging */,
				7F736570289A5DE1007AA513 /* Production */,
			);
			defaultConfigurationIsVisible = 0;
			defaultConfigurationName = Production;
		};
/* End XCConfigurationList section */

/* Begin XCRemoteSwiftPackageReference section */
		7F6B2D5D28A00F72003340E3 /* XCRemoteSwiftPackageReference "Kingfisher" */ = {
			isa = XCRemoteSwiftPackageReference;
			repositoryURL = "https://github.com/onevcat/Kingfisher";
			requirement = {
				kind = upToNextMajorVersion;
				minimumVersion = 7.0.0;
			};
		};
		7F736577289A5FA7007AA513 /* XCRemoteSwiftPackageReference "Alamofire" */ = {
			isa = XCRemoteSwiftPackageReference;
			repositoryURL = "https://github.com/Alamofire/Alamofire.git";
			requirement = {
				kind = upToNextMajorVersion;
				minimumVersion = 5.0.0;
			};
		};
/* End XCRemoteSwiftPackageReference section */

/* Begin XCSwiftPackageProductDependency section */
		7F6B2D5E28A00F72003340E3 /* Kingfisher */ = {
			isa = XCSwiftPackageProductDependency;
			package = 7F6B2D5D28A00F72003340E3 /* XCRemoteSwiftPackageReference "Kingfisher" */;
			productName = Kingfisher;
		};
		7F736578289A5FA7007AA513 /* Alamofire */ = {
			isa = XCSwiftPackageProductDependency;
			package = 7F736577289A5FA7007AA513 /* XCRemoteSwiftPackageReference "Alamofire" */;
			productName = Alamofire;
		};
/* End XCSwiftPackageProductDependency section */

/* Begin XCVersionGroup section */
		7F736563289A5DE0007AA513 /* MyMovie.xcdatamodeld */ = {
			isa = XCVersionGroup;
			children = (
				7F736564289A5DE0007AA513 /* MyMovie.xcdatamodel */,
			);
			currentVersion = 7F736564289A5DE0007AA513 /* MyMovie.xcdatamodel */;
			path = MyMovie.xcdatamodeld;
			sourceTree = "<group>";
			versionGroupType = wrapper.xcdatamodel;
		};
/* End XCVersionGroup section */
	};
	rootObject = 7F73654F289A5DE0007AA513 /* Project object */;
}
